
Microsoft Visual Studio Solution File, Format Version 12.00
# Visual Studio Version 17
VisualStudioVersion = 17.9.34723.18
MinimumVisualStudioVersion = 10.0.40219.1
Project("{F184B08F-C81C-45F6-A57F-5ABD9991F28F}") = "WKDMenuForm", "menu\WKDMenuForm\WKDMenuForm.vbproj", "{476507C3-FBA1-476C-860A-15D13CA50156}"
EndProject
Project("{F184B08F-C81C-45F6-A57F-5ABD9991F28F}") = "WKDMenu", "menu\WKDMenu\WKDMenu.vbproj", "{AC82C3E6-9B15-4978-9961-B9E991CFDBA9}"
EndProject
Project("{F184B08F-C81C-45F6-A57F-5ABD9991F28F}") = "WKDDBAccess", "common\WKDDBAccess\WKDDBAccess.vbproj", "{7E47A3A3-F384-499E-BF45-64FDF3F067BC}"
EndProject
Project("{F184B08F-C81C-45F6-A57F-5ABD9991F28F}") = "WKDUtility", "common\WKDUtility\WKDUtility.vbproj", "{C50140A6-BB55-44B0-8BC4-03491B98DA9C}"
EndProject
Project("{2150E333-8FDC-42A3-9474-1A3956D46DE8}") = "common", "common", "{D48113B2-9C35-4A31-B4DB-D5832A5EAA51}"
EndProject
Project("{F184B08F-C81C-45F6-A57F-5ABD9991F28F}") = "WKDSetting", "common\WKDSetting\WKDSetting.vbproj", "{7BDAFC8A-0473-4535-8148-A8AAADFB3499}"
EndProject
Project("{F184B08F-C81C-45F6-A57F-5ABD9991F28F}") = "WKDT010B", "WKDT010B\WKDT010B.vbproj", "{3E758582-B020-4F14-B6C1-3110AB00C87E}"
EndProject
Project("{F184B08F-C81C-45F6-A57F-5ABD9991F28F}") = "WKDC010B", "WKDC010B\WKDC010B.vbproj", "{57DF8CEB-347A-4DD9-B381-E5BD013D8F10}"
EndProject
Project("{2150E333-8FDC-42A3-9474-1A3956D46DE8}") = "menu", "menu", "{73491019-845A-44DF-9200-E4A792191F19}"
EndProject
Project("{F184B08F-C81C-45F6-A57F-5ABD9991F28F}") = "WKDT020B", "WKDT020B\WKDT020B.vbproj", "{4EA2595F-ADCC-49F1-884D-783BB620DA9B}"
EndProject
Global
	GlobalSection(SolutionConfigurationPlatforms) = preSolution
		Debug|Any CPU = Debug|Any CPU
		Release|Any CPU = Release|Any CPU
	EndGlobalSection
	GlobalSection(ProjectConfigurationPlatforms) = postSolution
		{476507C3-FBA1-476C-860A-15D13CA50156}.Debug|Any CPU.ActiveCfg = Debug|Any CPU
		{476507C3-FBA1-476C-860A-15D13CA50156}.Debug|Any CPU.Build.0 = Debug|Any CPU
		{476507C3-FBA1-476C-860A-15D13CA50156}.Release|Any CPU.ActiveCfg = Release|Any CPU
		{476507C3-FBA1-476C-860A-15D13CA50156}.Release|Any CPU.Build.0 = Release|Any CPU
		{AC82C3E6-9B15-4978-9961-B9E991CFDBA9}.Debug|Any CPU.ActiveCfg = Debug|Any CPU
		{AC82C3E6-9B15-4978-9961-B9E991CFDBA9}.Debug|Any CPU.Build.0 = Debug|Any CPU
		{AC82C3E6-9B15-4978-9961-B9E991CFDBA9}.Release|Any CPU.ActiveCfg = Release|Any CPU
		{AC82C3E6-9B15-4978-9961-B9E991CFDBA9}.Release|Any CPU.Build.0 = Release|Any CPU
		{7E47A3A3-F384-499E-BF45-64FDF3F067BC}.Debug|Any CPU.ActiveCfg = Debug|Any CPU
		{7E47A3A3-F384-499E-BF45-64FDF3F067BC}.Debug|Any CPU.Build.0 = Debug|Any CPU
		{7E47A3A3-F384-499E-BF45-64FDF3F067BC}.Release|Any CPU.ActiveCfg = Release|Any CPU
		{7E47A3A3-F384-499E-BF45-64FDF3F067BC}.Release|Any CPU.Build.0 = Release|Any CPU
		{C50140A6-BB55-44B0-8BC4-03491B98DA9C}.Debug|Any CPU.ActiveCfg = Debug|Any CPU
		{C50140A6-BB55-44B0-8BC4-03491B98DA9C}.Debug|Any CPU.Build.0 = Debug|Any CPU
		{C50140A6-BB55-44B0-8BC4-03491B98DA9C}.Release|Any CPU.ActiveCfg = Release|Any CPU
		{C50140A6-BB55-44B0-8BC4-03491B98DA9C}.Release|Any CPU.Build.0 = Release|Any CPU
		{7BDAFC8A-0473-4535-8148-A8AAADFB3499}.Debug|Any CPU.ActiveCfg = Debug|Any CPU
		{7BDAFC8A-0473-4535-8148-A8AAADFB3499}.Debug|Any CPU.Build.0 = Debug|Any CPU
		{7BDAFC8A-0473-4535-8148-A8AAADFB3499}.Release|Any CPU.ActiveCfg = Release|Any CPU
		{7BDAFC8A-0473-4535-8148-A8AAADFB3499}.Release|Any CPU.Build.0 = Release|Any CPU
		{3E758582-B020-4F14-B6C1-3110AB00C87E}.Debug|Any CPU.ActiveCfg = Debug|Any CPU
		{3E758582-B020-4F14-B6C1-3110AB00C87E}.Debug|Any CPU.Build.0 = Debug|Any CPU
		{3E758582-B020-4F14-B6C1-3110AB00C87E}.Release|Any CPU.ActiveCfg = Release|Any CPU
		{3E758582-B020-4F14-B6C1-3110AB00C87E}.Release|Any CPU.Build.0 = Release|Any CPU
		{57DF8CEB-347A-4DD9-B381-E5BD013D8F10}.Debug|Any CPU.ActiveCfg = Debug|Any CPU
		{57DF8CEB-347A-4DD9-B381-E5BD013D8F10}.Debug|Any CPU.Build.0 = Debug|Any CPU
		{57DF8CEB-347A-4DD9-B381-E5BD013D8F10}.Release|Any CPU.ActiveCfg = Release|Any CPU
		{57DF8CEB-347A-4DD9-B381-E5BD013D8F10}.Release|Any CPU.Build.0 = Release|Any CPU
		{4EA2595F-ADCC-49F1-884D-783BB620DA9B}.Debug|Any CPU.ActiveCfg = Debug|Any CPU
		{4EA2595F-ADCC-49F1-884D-783BB620DA9B}.Debug|Any CPU.Build.0 = Debug|Any CPU
		{4EA2595F-ADCC-49F1-884D-783BB620DA9B}.Release|Any CPU.ActiveCfg = Release|Any CPU
		{4EA2595F-ADCC-49F1-884D-783BB620DA9B}.Release|Any CPU.Build.0 = Release|Any CPU
	EndGlobalSection
	GlobalSection(SolutionProperties) = preSolution
		HideSolutionNode = FALSE
	EndGlobalSection
	GlobalSection(NestedProjects) = preSolution
		{476507C3-FBA1-476C-860A-15D13CA50156} = {73491019-845A-44DF-9200-E4A792191F19}
		{AC82C3E6-9B15-4978-9961-B9E991CFDBA9} = {73491019-845A-44DF-9200-E4A792191F19}
		{7E47A3A3-F384-499E-BF45-64FDF3F067BC} = {D48113B2-9C35-4A31-B4DB-D5832A5EAA51}
		{C50140A6-BB55-44B0-8BC4-03491B98DA9C} = {D48113B2-9C35-4A31-B4DB-D5832A5EAA51}
		{7BDAFC8A-0473-4535-8148-A8AAADFB3499} = {D48113B2-9C35-4A31-B4DB-D5832A5EAA51}
	EndGlobalSection
	GlobalSection(ExtensibilityGlobals) = postSolution
		SolutionGuid = {7D0FC58B-E6B8-4FD3-BE37-96BEB524D4DC}
	EndGlobalSection
EndGlobal
